// !$*UTF8*$!
{
	archiveVersion = 1;
	classes = {
	};
	objectVersion = 46;
	objects = {

/* Begin PBXBuildFile section */
		0B9EC196192F190200B330C6 /* Foundation.framework in Frameworks */ = {isa = PBXBuildFile; fileRef = 0B9EC195192F190200B330C6 /* Foundation.framework */; };
		0B9EC198192F190200B330C6 /* CoreGraphics.framework in Frameworks */ = {isa = PBXBuildFile; fileRef = 0B9EC197192F190200B330C6 /* CoreGraphics.framework */; };
		0B9EC19A192F190200B330C6 /* UIKit.framework in Frameworks */ = {isa = PBXBuildFile; fileRef = 0B9EC199192F190200B330C6 /* UIKit.framework */; };
		0B9EC1A0192F190200B330C6 /* InfoPlist.strings in Resources */ = {isa = PBXBuildFile; fileRef = 0B9EC19E192F190200B330C6 /* InfoPlist.strings */; };
		0B9EC1A2192F190200B330C6 /* main.m in Sources */ = {isa = PBXBuildFile; fileRef = 0B9EC1A1192F190200B330C6 /* main.m */; };
		0B9EC1A6192F190200B330C6 /* OOAppDelegate.m in Sources */ = {isa = PBXBuildFile; fileRef = 0B9EC1A5192F190200B330C6 /* OOAppDelegate.m */; };
		0B9EC1A9192F190200B330C6 /* Main.storyboard in Resources */ = {isa = PBXBuildFile; fileRef = 0B9EC1A7192F190200B330C6 /* Main.storyboard */; };
		0B9EC1AE192F190200B330C6 /* Images.xcassets in Resources */ = {isa = PBXBuildFile; fileRef = 0B9EC1AD192F190200B330C6 /* Images.xcassets */; };
		0B9EC1B5192F190300B330C6 /* XCTest.framework in Frameworks */ = {isa = PBXBuildFile; fileRef = 0B9EC1B4192F190300B330C6 /* XCTest.framework */; };
		0B9EC1B6192F190300B330C6 /* Foundation.framework in Frameworks */ = {isa = PBXBuildFile; fileRef = 0B9EC195192F190200B330C6 /* Foundation.framework */; };
		0B9EC1B7192F190300B330C6 /* UIKit.framework in Frameworks */ = {isa = PBXBuildFile; fileRef = 0B9EC199192F190200B330C6 /* UIKit.framework */; };
		0B9EC1BF192F190300B330C6 /* InfoPlist.strings in Resources */ = {isa = PBXBuildFile; fileRef = 0B9EC1BD192F190300B330C6 /* InfoPlist.strings */; };
		0B9EC1C1192F190300B330C6 /* UITableViewController_Challenge_SolutionTests.m in Sources */ = {isa = PBXBuildFile; fileRef = 0B9EC1C0192F190300B330C6 /* UITableViewController_Challenge_SolutionTests.m */; };
		0B9EC1CC192F1B3D00B330C6 /* OOTableViewController.m in Sources */ = {isa = PBXBuildFile; fileRef = 0B9EC1CB192F1B3D00B330C6 /* OOTableViewController.m */; };
/* End PBXBuildFile section */

/* Begin PBXContainerItemProxy section */
		0B9EC1B8192F190300B330C6 /* PBXContainerItemProxy */ = {
			isa = PBXContainerItemProxy;
			containerPortal = 0B9EC18A192F190200B330C6 /* Project object */;
			proxyType = 1;
			remoteGlobalIDString = 0B9EC191192F190200B330C6;
			remoteInfo = "UITableViewController Challenge Solution";
		};
/* End PBXContainerItemProxy section */

/* Begin PBXFileReference section */
		0B9EC192192F190200B330C6 /* UITableViewController Challenge Solution.app */ = {isa = PBXFileReference; explicitFileType = wrapper.application; includeInIndex = 0; path = "UITableViewController Challenge Solution.app"; sourceTree = BUILT_PRODUCTS_DIR; };
		0B9EC195192F190200B330C6 /* Foundation.framework */ = {isa = PBXFileReference; lastKnownFileType = wrapper.framework; name = Foundation.framework; path = System/Library/Frameworks/Foundation.framework; sourceTree = SDKROOT; };
		0B9EC197192F190200B330C6 /* CoreGraphics.framework */ = {isa = PBXFileReference; lastKnownFileType = wrapper.framework; name = CoreGraphics.framework; path = System/Library/Frameworks/CoreGraphics.framework; sourceTree = SDKROOT; };
		0B9EC199192F190200B330C6 /* UIKit.framework */ = {isa = PBXFileReference; lastKnownFileType = wrapper.framework; name = UIKit.framework; path = System/Library/Frameworks/UIKit.framework; sourceTree = SDKROOT; };
		0B9EC19D192F190200B330C6 /* UITableViewController Challenge Solution-Info.plist */ = {isa = PBXFileReference; lastKnownFileType = text.plist.xml; path = "UITableViewController Challenge Solution-Info.plist"; sourceTree = "<group>"; };
		0B9EC19F192F190200B330C6 /* en */ = {isa = PBXFileReference; lastKnownFileType = text.plist.strings; name = en; path = en.lproj/InfoPlist.strings; sourceTree = "<group>"; };
		0B9EC1A1192F190200B330C6 /* main.m */ = {isa = PBXFileReference; lastKnownFileType = sourcecode.c.objc; path = main.m; sourceTree = "<group>"; };
		0B9EC1A3192F190200B330C6 /* UITableViewController Challenge Solution-Prefix.pch */ = {isa = PBXFileReference; lastKnownFileType = sourcecode.c.h; path = "UITableViewController Challenge Solution-Prefix.pch"; sourceTree = "<group>"; };
		0B9EC1A4192F190200B330C6 /* OOAppDelegate.h */ = {isa = PBXFileReference; lastKnownFileType = sourcecode.c.h; path = OOAppDelegate.h; sourceTree = "<group>"; };
		0B9EC1A5192F190200B330C6 /* OOAppDelegate.m */ = {isa = PBXFileReference; lastKnownFileType = sourcecode.c.objc; path = OOAppDelegate.m; sourceTree = "<group>"; };
		0B9EC1A8192F190200B330C6 /* Base */ = {isa = PBXFileReference; lastKnownFileType = file.storyboard; name = Base; path = Base.lproj/Main.storyboard; sourceTree = "<group>"; };
		0B9EC1AD192F190200B330C6 /* Images.xcassets */ = {isa = PBXFileReference; lastKnownFileType = folder.assetcatalog; path = Images.xcassets; sourceTree = "<group>"; };
		0B9EC1B3192F190300B330C6 /* UITableViewController Challenge SolutionTests.xctest */ = {isa = PBXFileReference; explicitFileType = wrapper.cfbundle; includeInIndex = 0; path = "UITableViewController Challenge SolutionTests.xctest"; sourceTree = BUILT_PRODUCTS_DIR; };
		0B9EC1B4192F190300B330C6 /* XCTest.framework */ = {isa = PBXFileReference; lastKnownFileType = wrapper.framework; name = XCTest.framework; path = Library/Frameworks/XCTest.framework; sourceTree = DEVELOPER_DIR; };
		0B9EC1BC192F190300B330C6 /* UITableViewController Challenge SolutionTests-Info.plist */ = {isa = PBXFileReference; lastKnownFileType = text.plist.xml; path = "UITableViewController Challenge SolutionTests-Info.plist"; sourceTree = "<group>"; };
		0B9EC1BE192F190300B330C6 /* en */ = {isa = PBXFileReference; lastKnownFileType = text.plist.strings; name = en; path = en.lproj/InfoPlist.strings; sourceTree = "<group>"; };
		0B9EC1C0192F190300B330C6 /* UITableViewController_Challenge_SolutionTests.m */ = {isa = PBXFileReference; lastKnownFileType = sourcecode.c.objc; path = UITableViewController_Challenge_SolutionTests.m; sourceTree = "<group>"; };
		0B9EC1CA192F1B3D00B330C6 /* OOTableViewController.h */ = {isa = PBXFileReference; fileEncoding = 4; lastKnownFileType = sourcecode.c.h; path = OOTableViewController.h; sourceTree = "<group>"; };
		0B9EC1CB192F1B3D00B330C6 /* OOTableViewController.m */ = {isa = PBXFileReference; fileEncoding = 4; lastKnownFileType = sourcecode.c.objc; path = OOTableViewController.m; sourceTree = "<group>"; };
/* End PBXFileReference section */

/* Begin PBXFrameworksBuildPhase section */
		0B9EC18F192F190200B330C6 /* Frameworks */ = {
			isa = PBXFrameworksBuildPhase;
			buildActionMask = 2147483647;
			files = (
				0B9EC198192F190200B330C6 /* CoreGraphics.framework in Frameworks */,
				0B9EC19A192F190200B330C6 /* UIKit.framework in Frameworks */,
				0B9EC196192F190200B330C6 /* Foundation.framework in Frameworks */,
			);
			runOnlyForDeploymentPostprocessing = 0;
		};
		0B9EC1B0192F190300B330C6 /* Frameworks */ = {
			isa = PBXFrameworksBuildPhase;
			buildActionMask = 2147483647;
			files = (
				0B9EC1B5192F190300B330C6 /* XCTest.framework in Frameworks */,
				0B9EC1B7192F190300B330C6 /* UIKit.framework in Frameworks */,
				0B9EC1B6192F190300B330C6 /* Foundation.framework in Frameworks */,
			);
			runOnlyForDeploymentPostprocessing = 0;
		};
/* End PBXFrameworksBuildPhase section */

/* Begin PBXGroup section */
		0B9EC189192F190200B330C6 = {
			isa = PBXGroup;
			children = (
				0B9EC19B192F190200B330C6 /* UITableViewController Challenge Solution */,
				0B9EC1BA192F190300B330C6 /* UITableViewController Challenge SolutionTests */,
				0B9EC194192F190200B330C6 /* Frameworks */,
				0B9EC193192F190200B330C6 /* Products */,
			);
			sourceTree = "<group>";
		};
		0B9EC193192F190200B330C6 /* Products */ = {
			isa = PBXGroup;
			children = (
				0B9EC192192F190200B330C6 /* UITableViewController Challenge Solution.app */,
				0B9EC1B3192F190300B330C6 /* UITableViewController Challenge SolutionTests.xctest */,
			);
			name = Products;
			sourceTree = "<group>";
		};
		0B9EC194192F190200B330C6 /* Frameworks */ = {
			isa = PBXGroup;
			children = (
				0B9EC195192F190200B330C6 /* Foundation.framework */,
				0B9EC197192F190200B330C6 /* CoreGraphics.framework */,
				0B9EC199192F190200B330C6 /* UIKit.framework */,
				0B9EC1B4192F190300B330C6 /* XCTest.framework */,
			);
			name = Frameworks;
			sourceTree = "<group>";
		};
		0B9EC19B192F190200B330C6 /* UITableViewController Challenge Solution */ = {
			isa = PBXGroup;
			children = (
				0B9EC1A4192F190200B330C6 /* OOAppDelegate.h */,
				0B9EC1A5192F190200B330C6 /* OOAppDelegate.m */,
				0B9EC1A7192F190200B330C6 /* Main.storyboard */,
				0B9EC1CA192F1B3D00B330C6 /* OOTableViewController.h */,
				0B9EC1CB192F1B3D00B330C6 /* OOTableViewController.m */,
				0B9EC1AD192F190200B330C6 /* Images.xcassets */,
				0B9EC19C192F190200B330C6 /* Supporting Files */,
			);
			path = "UITableViewController Challenge Solution";
			sourceTree = "<group>";
		};
		0B9EC19C192F190200B330C6 /* Supporting Files */ = {
			isa = PBXGroup;
			children = (
				0B9EC19D192F190200B330C6 /* UITableViewController Challenge Solution-Info.plist */,
				0B9EC19E192F190200B330C6 /* InfoPlist.strings */,
				0B9EC1A1192F190200B330C6 /* main.m */,
				0B9EC1A3192F190200B330C6 /* UITableViewController Challenge Solution-Prefix.pch */,
			);
			name = "Supporting Files";
			sourceTree = "<group>";
		};
		0B9EC1BA192F190300B330C6 /* UITableViewController Challenge SolutionTests */ = {
			isa = PBXGroup;
			children = (
				0B9EC1C0192F190300B330C6 /* UITableViewController_Challenge_SolutionTests.m */,
				0B9EC1BB192F190300B330C6 /* Supporting Files */,
			);
			path = "UITableViewController Challenge SolutionTests";
			sourceTree = "<group>";
		};
		0B9EC1BB192F190300B330C6 /* Supporting Files */ = {
			isa = PBXGroup;
			children = (
				0B9EC1BC192F190300B330C6 /* UITableViewController Challenge SolutionTests-Info.plist */,
				0B9EC1BD192F190300B330C6 /* InfoPlist.strings */,
			);
			name = "Supporting Files";
			sourceTree = "<group>";
		};
/* End PBXGroup section */

/* Begin PBXNativeTarget section */
		0B9EC191192F190200B330C6 /* UITableViewController Challenge Solution */ = {
			isa = PBXNativeTarget;
			buildConfigurationList = 0B9EC1C4192F190300B330C6 /* Build configuration list for PBXNativeTarget "UITableViewController Challenge Solution" */;
			buildPhases = (
				0B9EC18E192F190200B330C6 /* Sources */,
				0B9EC18F192F190200B330C6 /* Frameworks */,
				0B9EC190192F190200B330C6 /* Resources */,
			);
			buildRules = (
			);
			dependencies = (
			);
			name = "UITableViewController Challenge Solution";
			productName = "UITableViewController Challenge Solution";
			productReference = 0B9EC192192F190200B330C6 /* UITableViewController Challenge Solution.app */;
			productType = "com.apple.product-type.application";
		};
		0B9EC1B2192F190300B330C6 /* UITableViewController Challenge SolutionTests */ = {
			isa = PBXNativeTarget;
			buildConfigurationList = 0B9EC1C7192F190300B330C6 /* Build configuration list for PBXNativeTarget "UITableViewController Challenge SolutionTests" */;
			buildPhases = (
				0B9EC1AF192F190300B330C6 /* Sources */,
				0B9EC1B0192F190300B330C6 /* Frameworks */,
				0B9EC1B1192F190300B330C6 /* Resources */,
			);
			buildRules = (
			);
			dependencies = (
				0B9EC1B9192F190300B330C6 /* PBXTargetDependency */,
			);
			name = "UITableViewController Challenge SolutionTests";
			productName = "UITableViewController Challenge SolutionTests";
			productReference = 0B9EC1B3192F190300B330C6 /* UITableViewController Challenge SolutionTests.xctest */;
			productType = "com.apple.product-type.bundle.unit-test";
		};
/* End PBXNativeTarget section */

/* Begin PBXProject section */
		0B9EC18A192F190200B330C6 /* Project object */ = {
			isa = PBXProject;
			attributes = {
				CLASSPREFIX = OO;
				LastUpgradeCheck = 0510;
				ORGANIZATIONNAME = breath2;
				TargetAttributes = {
					0B9EC1B2192F190300B330C6 = {
						TestTargetID = 0B9EC191192F190200B330C6;
					};
				};
			};
			buildConfigurationList = 0B9EC18D192F190200B330C6 /* Build configuration list for PBXProject "UITableViewController Challenge Solution" */;
			compatibilityVersion = "Xcode 3.2";
			developmentRegion = English;
			hasScannedForEncodings = 0;
			knownRegions = (
				en,
				Base,
			);
			mainGroup = 0B9EC189192F190200B330C6;
			productRefGroup = 0B9EC193192F190200B330C6 /* Products */;
			projectDirPath = "";
			projectRoot = "";
			targets = (
				0B9EC191192F190200B330C6 /* UITableViewController Challenge Solution */,
				0B9EC1B2192F190300B330C6 /* UITableViewController Challenge SolutionTests */,
			);
		};
/* End PBXProject section */

/* Begin PBXResourcesBuildPhase section */
		0B9EC190192F190200B330C6 /* Resources */ = {
			isa = PBXResourcesBuildPhase;
			buildActionMask = 2147483647;
			files = (
				0B9EC1AE192F190200B330C6 /* Images.xcassets in Resources */,
				0B9EC1A0192F190200B330C6 /* InfoPlist.strings in Resources */,
				0B9EC1A9192F190200B330C6 /* Main.storyboard in Resources */,
			);
			runOnlyForDeploymentPostprocessing = 0;
		};
		0B9EC1B1192F190300B330C6 /* Resources */ = {
			isa = PBXResourcesBuildPhase;
			buildActionMask = 2147483647;
			files = (
				0B9EC1BF192F190300B330C6 /* InfoPlist.strings in Resources */,
			);
			runOnlyForDeploymentPostprocessing = 0;
		};
/* End PBXResourcesBuildPhase section */

/* Begin PBXSourcesBuildPhase section */
		0B9EC18E192F190200B330C6 /* Sources */ = {
			isa = PBXSourcesBuildPhase;
			buildActionMask = 2147483647;
			files = (
				0B9EC1A6192F190200B330C6 /* OOAppDelegate.m in Sources */,
				0B9EC1A2192F190200B330C6 /* main.m in Sources */,
				0B9EC1CC192F1B3D00B330C6 /* OOTableViewController.m in Sources */,
			);
			runOnlyForDeploymentPostprocessing = 0;
		};
		0B9EC1AF192F190300B330C6 /* Sources */ = {
			isa = PBXSourcesBuildPhase;
			buildActionMask = 2147483647;
			files = (
				0B9EC1C1192F190300B330C6 /* UITableViewController_Challenge_SolutionTests.m in Sources */,
			);
			runOnlyForDeploymentPostprocessing = 0;
		};
/* End PBXSourcesBuildPhase section */

/* Begin PBXTargetDependency section */
		0B9EC1B9192F190300B330C6 /* PBXTargetDependency */ = {
			isa = PBXTargetDependency;
			target = 0B9EC191192F190200B330C6 /* UITableViewController Challenge Solution */;
			targetProxy = 0B9EC1B8192F190300B330C6 /* PBXContainerItemProxy */;
		};
/* End PBXTargetDependency section */

/* Begin PBXVariantGroup section */
		0B9EC19E192F190200B330C6 /* InfoPlist.strings */ = {
			isa = PBXVariantGroup;
			children = (
				0B9EC19F192F190200B330C6 /* en */,
			);
			name = InfoPlist.strings;
			sourceTree = "<group>";
		};
		0B9EC1A7192F190200B330C6 /* Main.storyboard */ = {
			isa = PBXVariantGroup;
			children = (
				0B9EC1A8192F190200B330C6 /* Base */,
			);
			name = Main.storyboard;
			sourceTree = "<group>";
		};
		0B9EC1BD192F190300B330C6 /* InfoPlist.strings */ = {
			isa = PBXVariantGroup;
			children = (
				0B9EC1BE192F190300B330C6 /* en */,
			);
			name = InfoPlist.strings;
			sourceTree = "<group>";
		};
/* End PBXVariantGroup section */

/* Begin XCBuildConfiguration section */
		0B9EC1C2192F190300B330C6 /* Debug */ = {
			isa = XCBuildConfiguration;
			buildSettings = {
				ALWAYS_SEARCH_USER_PATHS = NO;
				CLANG_CXX_LANGUAGE_STANDARD = "gnu++0x";
				CLANG_CXX_LIBRARY = "libc++";
				CLANG_ENABLE_MODULES = YES;
				CLANG_ENABLE_OBJC_ARC = YES;
				CLANG_WARN_BOOL_CONVERSION = YES;
				CLANG_WARN_CONSTANT_CONVERSION = YES;
				CLANG_WARN_DIRECT_OBJC_ISA_USAGE = YES_ERROR;
				CLANG_WARN_EMPTY_BODY = YES;
				CLANG_WARN_ENUM_CONVERSION = YES;
				CLANG_WARN_INT_CONVERSION = YES;
				CLANG_WARN_OBJC_ROOT_CLASS = YES_ERROR;
				CLANG_WARN__DUPLICATE_METHOD_MATCH = YES;
				"CODE_SIGN_IDENTITY[sdk=iphoneos*]" = "iPhone Developer";
				COPY_PHASE_STRIP = NO;
				GCC_C_LANGUAGE_STANDARD = gnu99;
				GCC_DYNAMIC_NO_PIC = NO;
				GCC_OPTIMIZATION_LEVEL = 0;
				GCC_PREPROCESSOR_DEFINITIONS = (
					"DEBUG=1",
					"$(inherited)",
				);
				GCC_SYMBOLS_PRIVATE_EXTERN = NO;
				GCC_WARN_64_TO_32_BIT_CONVERSION = YES;
				GCC_WARN_ABOUT_RETURN_TYPE = YES_ERROR;
				GCC_WARN_UNDECLARED_SELECTOR = YES;
				GCC_WARN_UNINITIALIZED_AUTOS = YES_AGGRESSIVE;
				GCC_WARN_UNUSED_FUNCTION = YES;
				GCC_WARN_UNUSED_VARIABLE = YES;
				IPHONEOS_DEPLOYMENT_TARGET = 7.1;
				ONLY_ACTIVE_ARCH = YES;
				SDKROOT = iphoneos;
			};
			name = Debug;
		};
		0B9EC1C3192F190300B330C6 /* Release */ = {
			isa = XCBuildConfiguration;
			buildSettings = {
				ALWAYS_SEARCH_USER_PATHS = NO;
				CLANG_CXX_LANGUAGE_STANDARD = "gnu++0x";
				CLANG_CXX_LIBRARY = "libc++";
				CLANG_ENABLE_MODULES = YES;
				CLANG_ENABLE_OBJC_ARC = YES;
				CLANG_WARN_BOOL_CONVERSION = YES;
				CLANG_WARN_CONSTANT_CONVERSION = YES;
				CLANG_WARN_DIRECT_OBJC_ISA_USAGE = YES_ERROR;
				CLANG_WARN_EMPTY_BODY = YES;
				CLANG_WARN_ENUM_CONVERSION = YES;
				CLANG_WARN_INT_CONVERSION = YES;
				CLANG_WARN_OBJC_ROOT_CLASS = YES_ERROR;
				CLANG_WARN__DUPLICATE_METHOD_MATCH = YES;
				"CODE_SIGN_IDENTITY[sdk=iphoneos*]" = "iPhone Developer";
				COPY_PHASE_STRIP = YES;
				ENABLE_NS_ASSERTIONS = NO;
				GCC_C_LANGUAGE_STANDARD = gnu99;
				GCC_WARN_64_TO_32_BIT_CONVERSION = YES;
				GCC_WARN_ABOUT_RETURN_TYPE = YES_ERROR;
				GCC_WARN_UNDECLARED_SELECTOR = YES;
				GCC_WARN_UNINITIALIZED_AUTOS = YES_AGGRESSIVE;
				GCC_WARN_UNUSED_FUNCTION = YES;
				GCC_WARN_UNUSED_VARIABLE = YES;
				IPHONEOS_DEPLOYMENT_TARGET = 7.1;
				SDKROOT = iphoneos;
				VALIDATE_PRODUCT = YES;
			};
			name = Release;
		};
		0B9EC1C5192F190300B330C6 /* Debug */ = {
			isa = XCBuildConfiguration;
			buildSettings = {
				ASSETCATALOG_COMPILER_APPICON_NAME = AppIcon;
				ASSETCATALOG_COMPILER_LAUNCHIMAGE_NAME = LaunchImage;
				GCC_PRECOMPILE_PREFIX_HEADER = YES;
				GCC_PREFIX_HEADER = "UITableViewController Challenge Solution/UITableViewController Challenge Solution-Prefix.pch";
				INFOPLIST_FILE = "UITableViewController Challenge Solution/UITableViewController Challenge Solution-Info.plist";
				PRODUCT_NAME = "$(TARGET_NAME)";
				WRAPPER_EXTENSION = app;
			};
			name = Debug;
		};
		0B9EC1C6192F190300B330C6 /* Release */ = {
			isa = XCBuildConfiguration;
			buildSettings = {
				ASSETCATALOG_COMPILER_APPICON_NAME = AppIcon;
				ASSETCATALOG_COMPILER_LAUNCHIMAGE_NAME = LaunchImage;
				GCC_PRECOMPILE_PREFIX_HEADER = YES;
				GCC_PREFIX_HEADER = "UITableViewController Challenge Solution/UITableViewController Challenge Solution-Prefix.pch";
				INFOPLIST_FILE = "UITableViewController Challenge Solution/UITableViewController Challenge Solution-Info.plist";
				PRODUCT_NAME = "$(TARGET_NAME)";
				WRAPPER_EXTENSION = app;
			};
			name = Release;
		};
		0B9EC1C8192F190300B330C6 /* Debug */ = {
			isa = XCBuildConfiguration;
			buildSettings = {
				BUNDLE_LOADER = "$(BUILT_PRODUCTS_DIR)/UITableViewController Challenge Solution.app/UITableViewController Challenge Solution";
				FRAMEWORK_SEARCH_PATHS = (
					"$(SDKROOT)/Developer/Library/Frameworks",
					"$(inherited)",
					"$(DEVELOPER_FRAMEWORKS_DIR)",
				);
				GCC_PRECOMPILE_PREFIX_HEADER = YES;
				GCC_PREFIX_HEADER = "UITableViewController Challenge Solution/UITableViewController Challenge Solution-Prefix.pch";
				GCC_PREPROCESSOR_DEFINITIONS = (
					"DEBUG=1",
					"$(inherited)",
				);
				INFOPLIST_FILE = "UITableViewController Challenge SolutionTests/UITableViewController Challenge SolutionTests-Info.plist";
				PRODUCT_NAME = "$(TARGET_NAME)";
				TEST_HOST = "$(BUNDLE_LOADER)";
				WRAPPER_EXTENSION = xctest;
			};
			name = Debug;
		};
		0B9EC1C9192F190300B330C6 /* Release */ = {
			isa = XCBuildConfiguration;
			buildSettings = {
				BUNDLE_LOADER = "$(BUILT_PRODUCTS_DIR)/UITableViewController Challenge Solution.app/UITableViewController Challenge Solution";
				FRAMEWORK_SEARCH_PATHS = (
					"$(SDKROOT)/Developer/Library/Frameworks",
					"$(inherited)",
					"$(DEVELOPER_FRAMEWORKS_DIR)",
				);
				GCC_PRECOMPILE_PREFIX_HEADER = YES;
				GCC_PREFIX_HEADER = "UITableViewController Challenge Solution/UITableViewController Challenge Solution-Prefix.pch";
				INFOPLIST_FILE = "UITableViewController Challenge SolutionTests/UITableViewController Challenge SolutionTests-Info.plist";
				PRODUCT_NAME = "$(TARGET_NAME)";
				TEST_HOST = "$(BUNDLE_LOADER)";
				WRAPPER_EXTENSION = xctest;
			};
			name = Release;
		};
/* End XCBuildConfiguration section */

/* Begin XCConfigurationList section */
		0B9EC18D192F190200B330C6 /* Build configuration list for PBXProject "UITableViewController Challenge Solution" */ = {
			isa = XCConfigurationList;
			buildConfigurations = (
				0B9EC1C2192F190300B330C6 /* Debug */,
				0B9EC1C3192F190300B330C6 /* Release */,
			);
			defaultConfigurationIsVisible = 0;
			defaultConfigurationName = Release;
		};
		0B9EC1C4192F190300B330C6 /* Build configuration list for PBXNativeTarget "UITableViewController Challenge Solution" */ = {
			isa = XCConfigurationList;
			buildConfigurations = (
				0B9EC1C5192F190300B330C6 /* Debug */,
				0B9EC1C6192F190300B330C6 /* Release */,
			);
			defaultConfigurationIsVisible = 0;
		};
		0B9EC1C7192F190300B330C6 /* Build configuration list for PBXNativeTarget "UITableViewController Challenge SolutionTests" */ = {
			isa = XCConfigurationList;
			buildConfigurations = (
				0B9EC1C8192F190300B330C6 /* Debug */,
				0B9EC1C9192F190300B330C6 /* Release */,
			);
			defaultConfigurationIsVisible = 0;
		};
/* End XCConfigurationList section */
	};
	rootObject = 0B9EC18A192F190200B330C6 /* Project object */;
}
